
Microsoft Visual Studio Solution File, Format Version 12.00
# Visual Studio Version 17
VisualStudioVersion = 17.0.32014.148
MinimumVisualStudioVersion = 10.0.40219.1
Project("{8BC9CEB8-8B4A-11D0-8D11-00A0C91BC942}") = "ImGDI32", "ImGDI32.vcxproj", "{B5C0ED3D-F61D-4BD1-A29B-B98F5663C71B}"
EndProject
Global
	GlobalSection(SolutionConfigurationPlatforms) = preSolution
		Debug|x64 = Debug|x64
		Debug|x86 = Debug|x86
		Release|x64 = Release|x64
		Release|x86 = Release|x86
	EndGlobalSection
	GlobalSection(ProjectConfigurationPlatforms) = postSolution
		{B5C0ED3D-F61D-4BD1-A29B-B98F5663C71B}.Debug|x64.ActiveCfg = Debug|x64
		{B5C0ED3D-F61D-4BD1-A29B-B98F5663C71B}.Debug|x64.Build.0 = Debug|x64
		{B5C0ED3D-F61D-4BD1-A29B-B98F5663C71B}.Debug|x86.ActiveCfg = Debug|Win32
		{B5C0ED3D-F61D-4BD1-A29B-B98F5663C71B}.Debug|x86.Build.0 = Debug|Win32
		{B5C0ED3D-F61D-4BD1-A29B-B98F5663C71B}.Release|x64.ActiveCfg = Release|x64
		{B5C0ED3D-F61D-4BD1-A29B-B98F5663C71B}.Release|x64.Build.0 = Release|x64
		{B5C0ED3D-F61D-4BD1-A29B-B98F5663C71B}.Release|x86.ActiveCfg = Release|Win32
		{B5C0ED3D-F61D-4BD1-A29B-B98F5663C71B}.Release|x86.Build.0 = Release|Win32
	EndGlobalSection
	GlobalSection(SolutionProperties) = preSolution
		HideSolutionNode = FALSE
	EndGlobalSection
	GlobalSection(ExtensibilityGlobals) = postSolution
		SolutionGuid = {6ACA3928-E02B-4BD3-8319-EEEEBEBCB26F}
	EndGlobalSection
EndGlobal
